// !$*UTF8*$!
{
	archiveVersion = 1;
	classes = {
	};
	objectVersion = 48;
	objects = {

/* Begin PBXBuildFile section */
		8C7FEFF52058E27C0009F65B /* SimpleVertex.glsl in Resources */ = {isa = PBXBuildFile; fileRef = 8C7FEFF42058E27C0009F65B /* SimpleVertex.glsl */; };
		8C7FEFF72058E2C60009F65B /* SimpleFragment.glsl in Resources */ = {isa = PBXBuildFile; fileRef = 8C7FEFF62058E2C60009F65B /* SimpleFragment.glsl */; };
		8C8BA4FD2064B27000F07D95 /* cube_mit.obj in Resources */ = {isa = PBXBuildFile; fileRef = 8C8BA4FC2064B27000F07D95 /* cube_mit.obj */; };
		8CACA663206463FF00CB42A6 /* Renderer.mm in Sources */ = {isa = PBXBuildFile; fileRef = 8CACA662206463FF00CB42A6 /* Renderer.mm */; };
		8CB0B35320686DAD003B65D2 /* maze_floor.jpg in Resources */ = {isa = PBXBuildFile; fileRef = 8CB0B35220686DAD003B65D2 /* maze_floor.jpg */; };
		8CB0B35820686F9E003B65D2 /* greywall.jpg in Resources */ = {isa = PBXBuildFile; fileRef = 8CB0B35420686F9E003B65D2 /* greywall.jpg */; };
		8CB0B35920686F9E003B65D2 /* mosswall.jpeg in Resources */ = {isa = PBXBuildFile; fileRef = 8CB0B35520686F9E003B65D2 /* mosswall.jpeg */; };
		8CB0B35A20686F9E003B65D2 /* stone_floor.png in Resources */ = {isa = PBXBuildFile; fileRef = 8CB0B35620686F9E003B65D2 /* stone_floor.png */; };
		8CB0B35B20686F9E003B65D2 /* realistic_stone.jpg in Resources */ = {isa = PBXBuildFile; fileRef = 8CB0B35720686F9E003B65D2 /* realistic_stone.jpg */; };
		8CB0B363206873E7003B65D2 /* sky.jpg in Resources */ = {isa = PBXBuildFile; fileRef = 8CB0B362206873E7003B65D2 /* sky.jpg */; };
		8CB0B36520688F78003B65D2 /* diamond.jpg in Resources */ = {isa = PBXBuildFile; fileRef = 8CB0B36420688F77003B65D2 /* diamond.jpg */; };
		8CC618FA2059C9E000948026 /* BaseEffect.m in Sources */ = {isa = PBXBuildFile; fileRef = 8CC618F92059C9E000948026 /* BaseEffect.m */; };
		8CD650E12031B98600D6A30F /* AppDelegate.m in Sources */ = {isa = PBXBuildFile; fileRef = 8CD650E02031B98600D6A30F /* AppDelegate.m */; };
		8CD650E42031B98600D6A30F /* ViewController.m in Sources */ = {isa = PBXBuildFile; fileRef = 8CD650E32031B98600D6A30F /* ViewController.m */; };
		8CD650E72031B98600D6A30F /* Main.storyboard in Resources */ = {isa = PBXBuildFile; fileRef = 8CD650E52031B98600D6A30F /* Main.storyboard */; };
		8CD650E92031B98600D6A30F /* Assets.xcassets in Resources */ = {isa = PBXBuildFile; fileRef = 8CD650E82031B98600D6A30F /* Assets.xcassets */; };
		8CD650EC2031B98600D6A30F /* LaunchScreen.storyboard in Resources */ = {isa = PBXBuildFile; fileRef = 8CD650EA2031B98600D6A30F /* LaunchScreen.storyboard */; };
		8CD650EF2031B98600D6A30F /* main.m in Sources */ = {isa = PBXBuildFile; fileRef = 8CD650EE2031B98600D6A30F /* main.m */; };
		8CE761552065C2A20096665E /* cube.obj in Resources */ = {isa = PBXBuildFile; fileRef = 8CE761542065C2A20096665E /* cube.obj */; };
		8CE761572065C3090096665E /* monkey.obj in Resources */ = {isa = PBXBuildFile; fileRef = 8CE761562065C3090096665E /* monkey.obj */; };
		8CE761592065C36F0096665E /* cone.obj in Resources */ = {isa = PBXBuildFile; fileRef = 8CE761582065C36F0096665E /* cone.obj */; };
		8CE761612065F5750096665E /* trooper.obj in Resources */ = {isa = PBXBuildFile; fileRef = 8CE761602065F5750096665E /* trooper.obj */; };
		8CE761632065F6C60096665E /* bluewall.jpg in Resources */ = {isa = PBXBuildFile; fileRef = 8CE761622065F6C60096665E /* bluewall.jpg */; };
		8CE761652065F76B0096665E /* goldwall.jpg in Resources */ = {isa = PBXBuildFile; fileRef = 8CE761642065F76B0096665E /* goldwall.jpg */; };
		8CE761692065FAC80096665E /* rabbit.obj in Resources */ = {isa = PBXBuildFile; fileRef = 8CE761682065FAC80096665E /* rabbit.obj */; };
		8CE7616D2065FD830096665E /* rabbit.jpg in Resources */ = {isa = PBXBuildFile; fileRef = 8CE7616C2065FD830096665E /* rabbit.jpg */; };
/* End PBXBuildFile section */

/* Begin PBXFileReference section */
		8C7FEFF42058E27C0009F65B /* SimpleVertex.glsl */ = {isa = PBXFileReference; lastKnownFileType = text; path = SimpleVertex.glsl; sourceTree = "<group>"; };
		8C7FEFF62058E2C60009F65B /* SimpleFragment.glsl */ = {isa = PBXFileReference; lastKnownFileType = text; path = SimpleFragment.glsl; sourceTree = "<group>"; };
		8C8BA4FC2064B27000F07D95 /* cube_mit.obj */ = {isa = PBXFileReference; lastKnownFileType = text; path = cube_mit.obj; sourceTree = "<group>"; };
		8CACA662206463FF00CB42A6 /* Renderer.mm */ = {isa = PBXFileReference; lastKnownFileType = sourcecode.cpp.objcpp; path = Renderer.mm; sourceTree = "<group>"; };
		8CACA6642064641300CB42A6 /* Renderer.h */ = {isa = PBXFileReference; lastKnownFileType = sourcecode.c.h; path = Renderer.h; sourceTree = "<group>"; };
		8CB0B35220686DAD003B65D2 /* maze_floor.jpg */ = {isa = PBXFileReference; lastKnownFileType = image.jpeg; path = maze_floor.jpg; sourceTree = "<group>"; };
		8CB0B35420686F9E003B65D2 /* greywall.jpg */ = {isa = PBXFileReference; lastKnownFileType = image.jpeg; path = greywall.jpg; sourceTree = "<group>"; };
		8CB0B35520686F9E003B65D2 /* mosswall.jpeg */ = {isa = PBXFileReference; lastKnownFileType = image.jpeg; path = mosswall.jpeg; sourceTree = "<group>"; };
		8CB0B35620686F9E003B65D2 /* stone_floor.png */ = {isa = PBXFileReference; lastKnownFileType = image.png; path = stone_floor.png; sourceTree = "<group>"; };
		8CB0B35720686F9E003B65D2 /* realistic_stone.jpg */ = {isa = PBXFileReference; lastKnownFileType = image.jpeg; path = realistic_stone.jpg; sourceTree = "<group>"; };
		8CB0B362206873E7003B65D2 /* sky.jpg */ = {isa = PBXFileReference; lastKnownFileType = image.jpeg; path = sky.jpg; sourceTree = "<group>"; };
		8CB0B36420688F77003B65D2 /* diamond.jpg */ = {isa = PBXFileReference; lastKnownFileType = image.jpeg; path = diamond.jpg; sourceTree = "<group>"; };
		8CC618F92059C9E000948026 /* BaseEffect.m */ = {isa = PBXFileReference; lastKnownFileType = sourcecode.c.objc; path = BaseEffect.m; sourceTree = "<group>"; };
		8CC618FB2059CA0700948026 /* BaseEffect.h */ = {isa = PBXFileReference; lastKnownFileType = sourcecode.c.h; path = BaseEffect.h; sourceTree = "<group>"; };
		8CD650DC2031B98600D6A30F /* HelloOpenGL.app */ = {isa = PBXFileReference; explicitFileType = wrapper.application; includeInIndex = 0; path = HelloOpenGL.app; sourceTree = BUILT_PRODUCTS_DIR; };
		8CD650DF2031B98600D6A30F /* AppDelegate.h */ = {isa = PBXFileReference; lastKnownFileType = sourcecode.c.h; path = AppDelegate.h; sourceTree = "<group>"; };
		8CD650E02031B98600D6A30F /* AppDelegate.m */ = {isa = PBXFileReference; lastKnownFileType = sourcecode.c.objc; path = AppDelegate.m; sourceTree = "<group>"; };
		8CD650E22031B98600D6A30F /* ViewController.h */ = {isa = PBXFileReference; lastKnownFileType = sourcecode.c.h; path = ViewController.h; sourceTree = "<group>"; };
		8CD650E32031B98600D6A30F /* ViewController.m */ = {isa = PBXFileReference; lastKnownFileType = sourcecode.c.objc; path = ViewController.m; sourceTree = "<group>"; };
		8CD650E62031B98600D6A30F /* Base */ = {isa = PBXFileReference; lastKnownFileType = file.storyboard; name = Base; path = Base.lproj/Main.storyboard; sourceTree = "<group>"; };
		8CD650E82031B98600D6A30F /* Assets.xcassets */ = {isa = PBXFileReference; lastKnownFileType = folder.assetcatalog; path = Assets.xcassets; sourceTree = "<group>"; };
		8CD650EB2031B98600D6A30F /* Base */ = {isa = PBXFileReference; lastKnownFileType = file.storyboard; name = Base; path = Base.lproj/LaunchScreen.storyboard; sourceTree = "<group>"; };
		8CD650ED2031B98600D6A30F /* Info.plist */ = {isa = PBXFileReference; lastKnownFileType = text.plist.xml; path = Info.plist; sourceTree = "<group>"; };
		8CD650EE2031B98600D6A30F /* main.m */ = {isa = PBXFileReference; lastKnownFileType = sourcecode.c.objc; path = main.m; sourceTree = "<group>"; };
		8CE761542065C2A20096665E /* cube.obj */ = {isa = PBXFileReference; fileEncoding = 4; lastKnownFileType = text; path = cube.obj; sourceTree = "<group>"; };
		8CE761562065C3090096665E /* monkey.obj */ = {isa = PBXFileReference; fileEncoding = 4; lastKnownFileType = text; path = monkey.obj; sourceTree = "<group>"; };
		8CE761582065C36F0096665E /* cone.obj */ = {isa = PBXFileReference; fileEncoding = 4; lastKnownFileType = text; path = cone.obj; sourceTree = "<group>"; };
		8CE761602065F5750096665E /* trooper.obj */ = {isa = PBXFileReference; fileEncoding = 4; lastKnownFileType = text; path = trooper.obj; sourceTree = "<group>"; };
		8CE761622065F6C60096665E /* bluewall.jpg */ = {isa = PBXFileReference; lastKnownFileType = image.jpeg; path = bluewall.jpg; sourceTree = "<group>"; };
		8CE761642065F76B0096665E /* goldwall.jpg */ = {isa = PBXFileReference; lastKnownFileType = image.jpeg; path = goldwall.jpg; sourceTree = "<group>"; };
		8CE761682065FAC80096665E /* rabbit.obj */ = {isa = PBXFileReference; fileEncoding = 4; lastKnownFileType = text; path = rabbit.obj; sourceTree = "<group>"; };
		8CE7616C2065FD830096665E /* rabbit.jpg */ = {isa = PBXFileReference; lastKnownFileType = image.jpeg; path = rabbit.jpg; sourceTree = "<group>"; };
/* End PBXFileReference section */

/* Begin PBXFrameworksBuildPhase section */
		8CD650D92031B98600D6A30F /* Frameworks */ = {
			isa = PBXFrameworksBuildPhase;
			buildActionMask = 2147483647;
			files = (
			);
			runOnlyForDeploymentPostprocessing = 0;
		};
/* End PBXFrameworksBuildPhase section */

/* Begin PBXGroup section */
		8C7FEFF82058E3AF0009F65B /* resources */ = {
			isa = PBXGroup;
			children = (
				8CE7616B2065FBAF0096665E /* objs */,
				8C7FEFF42058E27C0009F65B /* SimpleVertex.glsl */,
				8C7FEFF62058E2C60009F65B /* SimpleFragment.glsl */,
				8CC618F92059C9E000948026 /* BaseEffect.m */,
				8CC618FB2059CA0700948026 /* BaseEffect.h */,
			);
			path = resources;
			sourceTree = "<group>";
		};
		8CD650D32031B98600D6A30F = {
			isa = PBXGroup;
			children = (
				8CD650DE2031B98600D6A30F /* HelloOpenGL */,
				8CD650DD2031B98600D6A30F /* Products */,
			);
			sourceTree = "<group>";
		};
		8CD650DD2031B98600D6A30F /* Products */ = {
			isa = PBXGroup;
			children = (
				8CD650DC2031B98600D6A30F /* HelloOpenGL.app */,
			);
			name = Products;
			sourceTree = "<group>";
		};
		8CD650DE2031B98600D6A30F /* HelloOpenGL */ = {
			isa = PBXGroup;
			children = (
				8C7FEFF82058E3AF0009F65B /* resources */,
				8CD650DF2031B98600D6A30F /* AppDelegate.h */,
				8CD650E02031B98600D6A30F /* AppDelegate.m */,
				8CD650E22031B98600D6A30F /* ViewController.h */,
				8CD650E32031B98600D6A30F /* ViewController.m */,
				8CD650E52031B98600D6A30F /* Main.storyboard */,
				8CD650E82031B98600D6A30F /* Assets.xcassets */,
				8CD650EA2031B98600D6A30F /* LaunchScreen.storyboard */,
				8CD650ED2031B98600D6A30F /* Info.plist */,
				8CD650EE2031B98600D6A30F /* main.m */,
				8CACA662206463FF00CB42A6 /* Renderer.mm */,
				8CACA6642064641300CB42A6 /* Renderer.h */,
			);
			path = HelloOpenGL;
			sourceTree = "<group>";
		};
		8CE7616B2065FBAF0096665E /* objs */ = {
			isa = PBXGroup;
			children = (
				8CE761622065F6C60096665E /* bluewall.jpg */,
				8CE761642065F76B0096665E /* goldwall.jpg */,
				8CB0B35420686F9E003B65D2 /* greywall.jpg */,
				8CB0B35520686F9E003B65D2 /* mosswall.jpeg */,
				8CB0B35720686F9E003B65D2 /* realistic_stone.jpg */,
				8CB0B36420688F77003B65D2 /* diamond.jpg */,
				8CB0B35620686F9E003B65D2 /* stone_floor.png */,
				8CE7616C2065FD830096665E /* rabbit.jpg */,
				8CB0B35220686DAD003B65D2 /* maze_floor.jpg */,
				8CB0B362206873E7003B65D2 /* sky.jpg */,
				8C8BA4FC2064B27000F07D95 /* cube_mit.obj */,
				8CE761562065C3090096665E /* monkey.obj */,
				8CE761542065C2A20096665E /* cube.obj */,
				8CE761582065C36F0096665E /* cone.obj */,
				8CE761602065F5750096665E /* trooper.obj */,
				8CE761682065FAC80096665E /* rabbit.obj */,
			);
			path = objs;
			sourceTree = "<group>";
		};
/* End PBXGroup section */

/* Begin PBXNativeTarget section */
		8CD650DB2031B98600D6A30F /* HelloOpenGL */ = {
			isa = PBXNativeTarget;
			buildConfigurationList = 8CD650F22031B98600D6A30F /* Build configuration list for PBXNativeTarget "HelloOpenGL" */;
			buildPhases = (
				8CD650D82031B98600D6A30F /* Sources */,
				8CD650D92031B98600D6A30F /* Frameworks */,
				8CD650DA2031B98600D6A30F /* Resources */,
			);
			buildRules = (
			);
			dependencies = (
			);
			name = HelloOpenGL;
			productName = HelloOpenGL;
			productReference = 8CD650DC2031B98600D6A30F /* HelloOpenGL.app */;
			productType = "com.apple.product-type.application";
		};
/* End PBXNativeTarget section */

/* Begin PBXProject section */
		8CD650D42031B98600D6A30F /* Project object */ = {
			isa = PBXProject;
			attributes = {
				LastUpgradeCheck = 0920;
				ORGANIZATIONNAME = SwordArt;
				TargetAttributes = {
					8CD650DB2031B98600D6A30F = {
						CreatedOnToolsVersion = 9.2;
						ProvisioningStyle = Automatic;
					};
				};
			};
			buildConfigurationList = 8CD650D72031B98600D6A30F /* Build configuration list for PBXProject "HelloOpenGL" */;
			compatibilityVersion = "Xcode 8.0";
			developmentRegion = en;
			hasScannedForEncodings = 0;
			knownRegions = (
				en,
				Base,
			);
			mainGroup = 8CD650D32031B98600D6A30F;
			productRefGroup = 8CD650DD2031B98600D6A30F /* Products */;
			projectDirPath = "";
			projectRoot = "";
			targets = (
				8CD650DB2031B98600D6A30F /* HelloOpenGL */,
			);
		};
/* End PBXProject section */

/* Begin PBXResourcesBuildPhase section */
		8CD650DA2031B98600D6A30F /* Resources */ = {
			isa = PBXResourcesBuildPhase;
			buildActionMask = 2147483647;
			files = (
				8CD650EC2031B98600D6A30F /* LaunchScreen.storyboard in Resources */,
				8CD650E92031B98600D6A30F /* Assets.xcassets in Resources */,
				8CE7616D2065FD830096665E /* rabbit.jpg in Resources */,
				8CB0B35A20686F9E003B65D2 /* stone_floor.png in Resources */,
				8C8BA4FD2064B27000F07D95 /* cube_mit.obj in Resources */,
				8CB0B363206873E7003B65D2 /* sky.jpg in Resources */,
				8CE761612065F5750096665E /* trooper.obj in Resources */,
				8C7FEFF52058E27C0009F65B /* SimpleVertex.glsl in Resources */,
				8CB0B35920686F9E003B65D2 /* mosswall.jpeg in Resources */,
				8CE761692065FAC80096665E /* rabbit.obj in Resources */,
				8CE761632065F6C60096665E /* bluewall.jpg in Resources */,
				8CB0B35820686F9E003B65D2 /* greywall.jpg in Resources */,
				8CE761592065C36F0096665E /* cone.obj in Resources */,
				8CE761552065C2A20096665E /* cube.obj in Resources */,
				8CD650E72031B98600D6A30F /* Main.storyboard in Resources */,
				8CB0B35B20686F9E003B65D2 /* realistic_stone.jpg in Resources */,
				8CE761572065C3090096665E /* monkey.obj in Resources */,
				8CB0B35320686DAD003B65D2 /* maze_floor.jpg in Resources */,
				8CB0B36520688F78003B65D2 /* diamond.jpg in Resources */,
				8CE761652065F76B0096665E /* goldwall.jpg in Resources */,
				8C7FEFF72058E2C60009F65B /* SimpleFragment.glsl in Resources */,
			);
			runOnlyForDeploymentPostprocessing = 0;
		};
/* End PBXResourcesBuildPhase section */

/* Begin PBXSourcesBuildPhase section */
		8CD650D82031B98600D6A30F /* Sources */ = {
			isa = PBXSourcesBuildPhase;
			buildActionMask = 2147483647;
			files = (
				8CACA663206463FF00CB42A6 /* Renderer.mm in Sources */,
				8CD650E42031B98600D6A30F /* ViewController.m in Sources */,
				8CD650EF2031B98600D6A30F /* main.m in Sources */,
				8CD650E12031B98600D6A30F /* AppDelegate.m in Sources */,
				8CC618FA2059C9E000948026 /* BaseEffect.m in Sources */,
			);
			runOnlyForDeploymentPostprocessing = 0;
		};
/* End PBXSourcesBuildPhase section */

/* Begin PBXVariantGroup section */
		8CD650E52031B98600D6A30F /* Main.storyboard */ = {
			isa = PBXVariantGroup;
			children = (
				8CD650E62031B98600D6A30F /* Base */,
			);
			name = Main.storyboard;
			sourceTree = "<group>";
		};
		8CD650EA2031B98600D6A30F /* LaunchScreen.storyboard */ = {
			isa = PBXVariantGroup;
			children = (
				8CD650EB2031B98600D6A30F /* Base */,
			);
			name = LaunchScreen.storyboard;
			sourceTree = "<group>";
		};
/* End PBXVariantGroup section */

/* Begin XCBuildConfiguration section */
		8CD650F02031B98600D6A30F /* Debug */ = {
			isa = XCBuildConfiguration;
			buildSettings = {
				ALWAYS_SEARCH_USER_PATHS = NO;
				CLANG_ANALYZER_NONNULL = YES;
				CLANG_ANALYZER_NUMBER_OBJECT_CONVERSION = YES_AGGRESSIVE;
				CLANG_CXX_LANGUAGE_STANDARD = "gnu++14";
				CLANG_CXX_LIBRARY = "libc++";
				CLANG_ENABLE_MODULES = YES;
				CLANG_ENABLE_OBJC_ARC = YES;
				CLANG_WARN_BLOCK_CAPTURE_AUTORELEASING = YES;
				CLANG_WARN_BOOL_CONVERSION = YES;
				CLANG_WARN_COMMA = YES;
				CLANG_WARN_CONSTANT_CONVERSION = YES;
				CLANG_WARN_DIRECT_OBJC_ISA_USAGE = YES_ERROR;
				CLANG_WARN_DOCUMENTATION_COMMENTS = YES;
				CLANG_WARN_EMPTY_BODY = YES;
				CLANG_WARN_ENUM_CONVERSION = YES;
				CLANG_WARN_INFINITE_RECURSION = YES;
				CLANG_WARN_INT_CONVERSION = YES;
				CLANG_WARN_NON_LITERAL_NULL_CONVERSION = YES;
				CLANG_WARN_OBJC_LITERAL_CONVERSION = YES;
				CLANG_WARN_OBJC_ROOT_CLASS = YES_ERROR;
				CLANG_WARN_RANGE_LOOP_ANALYSIS = YES;
				CLANG_WARN_STRICT_PROTOTYPES = YES;
				CLANG_WARN_SUSPICIOUS_MOVE = YES;
				CLANG_WARN_UNGUARDED_AVAILABILITY = YES_AGGRESSIVE;
				CLANG_WARN_UNREACHABLE_CODE = YES;
				CLANG_WARN__DUPLICATE_METHOD_MATCH = YES;
				CODE_SIGN_IDENTITY = "iPhone Developer";
				COPY_PHASE_STRIP = NO;
				DEBUG_INFORMATION_FORMAT = dwarf;
				ENABLE_STRICT_OBJC_MSGSEND = YES;
				ENABLE_TESTABILITY = YES;
				GCC_C_LANGUAGE_STANDARD = gnu11;
				GCC_DYNAMIC_NO_PIC = NO;
				GCC_NO_COMMON_BLOCKS = YES;
				GCC_OPTIMIZATION_LEVEL = 0;
				GCC_PREPROCESSOR_DEFINITIONS = (
					"DEBUG=1",
					"$(inherited)",
				);
				GCC_WARN_64_TO_32_BIT_CONVERSION = YES;
				GCC_WARN_ABOUT_RETURN_TYPE = YES_ERROR;
				GCC_WARN_UNDECLARED_SELECTOR = YES;
				GCC_WARN_UNINITIALIZED_AUTOS = YES_AGGRESSIVE;
				GCC_WARN_UNUSED_FUNCTION = YES;
				GCC_WARN_UNUSED_VARIABLE = YES;
				IPHONEOS_DEPLOYMENT_TARGET = 11.2;
				MTL_ENABLE_DEBUG_INFO = YES;
				ONLY_ACTIVE_ARCH = YES;
				SDKROOT = iphoneos;
			};
			name = Debug;
		};
		8CD650F12031B98600D6A30F /* Release */ = {
			isa = XCBuildConfiguration;
			buildSettings = {
				ALWAYS_SEARCH_USER_PATHS = NO;
				CLANG_ANALYZER_NONNULL = YES;
				CLANG_ANALYZER_NUMBER_OBJECT_CONVERSION = YES_AGGRESSIVE;
				CLANG_CXX_LANGUAGE_STANDARD = "gnu++14";
				CLANG_CXX_LIBRARY = "libc++";
				CLANG_ENABLE_MODULES = YES;
				CLANG_ENABLE_OBJC_ARC = YES;
				CLANG_WARN_BLOCK_CAPTURE_AUTORELEASING = YES;
				CLANG_WARN_BOOL_CONVERSION = YES;
				CLANG_WARN_COMMA = YES;
				CLANG_WARN_CONSTANT_CONVERSION = YES;
				CLANG_WARN_DIRECT_OBJC_ISA_USAGE = YES_ERROR;
				CLANG_WARN_DOCUMENTATION_COMMENTS = YES;
				CLANG_WARN_EMPTY_BODY = YES;
				CLANG_WARN_ENUM_CONVERSION = YES;
				CLANG_WARN_INFINITE_RECURSION = YES;
				CLANG_WARN_INT_CONVERSION = YES;
				CLANG_WARN_NON_LITERAL_NULL_CONVERSION = YES;
				CLANG_WARN_OBJC_LITERAL_CONVERSION = YES;
				CLANG_WARN_OBJC_ROOT_CLASS = YES_ERROR;
				CLANG_WARN_RANGE_LOOP_ANALYSIS = YES;
				CLANG_WARN_STRICT_PROTOTYPES = YES;
				CLANG_WARN_SUSPICIOUS_MOVE = YES;
				CLANG_WARN_UNGUARDED_AVAILABILITY = YES_AGGRESSIVE;
				CLANG_WARN_UNREACHABLE_CODE = YES;
				CLANG_WARN__DUPLICATE_METHOD_MATCH = YES;
				CODE_SIGN_IDENTITY = "iPhone Developer";
				COPY_PHASE_STRIP = NO;
				DEBUG_INFORMATION_FORMAT = "dwarf-with-dsym";
				ENABLE_NS_ASSERTIONS = NO;
				ENABLE_STRICT_OBJC_MSGSEND = YES;
				GCC_C_LANGUAGE_STANDARD = gnu11;
				GCC_NO_COMMON_BLOCKS = YES;
				GCC_WARN_64_TO_32_BIT_CONVERSION = YES;
				GCC_WARN_ABOUT_RETURN_TYPE = YES_ERROR;
				GCC_WARN_UNDECLARED_SELECTOR = YES;
				GCC_WARN_UNINITIALIZED_AUTOS = YES_AGGRESSIVE;
				GCC_WARN_UNUSED_FUNCTION = YES;
				GCC_WARN_UNUSED_VARIABLE = YES;
				IPHONEOS_DEPLOYMENT_TARGET = 11.2;
				MTL_ENABLE_DEBUG_INFO = NO;
				SDKROOT = iphoneos;
				VALIDATE_PRODUCT = YES;
			};
			name = Release;
		};
		8CD650F32031B98600D6A30F /* Debug */ = {
			isa = XCBuildConfiguration;
			buildSettings = {
				ASSETCATALOG_COMPILER_APPICON_NAME = AppIcon;
				CODE_SIGN_STYLE = Automatic;
				DEVELOPMENT_TEAM = LCGG6U56V4;
				INFOPLIST_FILE = HelloOpenGL/Info.plist;
				LD_RUNPATH_SEARCH_PATHS = "$(inherited) @executable_path/Frameworks";
				PRODUCT_BUNDLE_IDENTIFIER = dt.com.HelloOpenGL;
				PRODUCT_NAME = "$(TARGET_NAME)";
				TARGETED_DEVICE_FAMILY = "1,2";
			};
			name = Debug;
		};
		8CD650F42031B98600D6A30F /* Release */ = {
			isa = XCBuildConfiguration;
			buildSettings = {
				ASSETCATALOG_COMPILER_APPICON_NAME = AppIcon;
				CODE_SIGN_STYLE = Automatic;
				DEVELOPMENT_TEAM = LCGG6U56V4;
				INFOPLIST_FILE = HelloOpenGL/Info.plist;
				LD_RUNPATH_SEARCH_PATHS = "$(inherited) @executable_path/Frameworks";
				PRODUCT_BUNDLE_IDENTIFIER = dt.com.HelloOpenGL;
				PRODUCT_NAME = "$(TARGET_NAME)";
				TARGETED_DEVICE_FAMILY = "1,2";
			};
			name = Release;
		};
/* End XCBuildConfiguration section */

/* Begin XCConfigurationList section */
		8CD650D72031B98600D6A30F /* Build configuration list for PBXProject "HelloOpenGL" */ = {
			isa = XCConfigurationList;
			buildConfigurations = (
				8CD650F02031B98600D6A30F /* Debug */,
				8CD650F12031B98600D6A30F /* Release */,
			);
			defaultConfigurationIsVisible = 0;
			defaultConfigurationName = Release;
		};
		8CD650F22031B98600D6A30F /* Build configuration list for PBXNativeTarget "HelloOpenGL" */ = {
			isa = XCConfigurationList;
			buildConfigurations = (
				8CD650F32031B98600D6A30F /* Debug */,
				8CD650F42031B98600D6A30F /* Release */,
			);
			defaultConfigurationIsVisible = 0;
			defaultConfigurationName = Release;
		};
/* End XCConfigurationList section */
	};
	rootObject = 8CD650D42031B98600D6A30F /* Project object */;
}
